{
  "name": "powaa-mini-fe",
  "version": "1.0.0",
  "lockfileVersion": 3,
  "requires": true,
  "packages": {
    "": {
      "name": "powaa-mini-fe",
      "version": "1.0.0",
      "license": "ISC",
      "dependencies": {
        "@tencentcloud/chat": "^3.2.2",
        "tim-profanity-filter-plugin": "^1.0.1",
        "tim-upload-plugin": "^1.0.55"
      }
    },
    "node_modules/@tencentcloud/chat": {
      "version": "3.5.9",
      "resolved": "https://registry.npmjs.org/@tencentcloud/chat/-/chat-3.5.9.tgz",
      "integrity": "sha512-DRCF5o1cZez1xjIFC8UmXE3NpWYfYWQ4+yjKtuOXk09N28dJSfdwYw2jyfJ2N0DWPB6icVCCxh2MDP+sp4HLpw==",
      "license": "ISC"
    },
    "node_modules/tim-profanity-filter-plugin": {
      "version": "1.1.0",
      "resolved": "https://registry.npmjs.org/tim-profanity-filter-plugin/-/tim-profanity-filter-plugin-1.1.0.tgz",
      "integrity": "sha512-+49p+n5LJs18rSPBvJFyq/m6ib8wiXvPEx2/Sz3M7hhDXAz69WuZ8cB/painNrN0MKAETf6G5cWa6xtVZfAK7A==",
      "license": "ISC"
    },
    "node_modules/tim-upload-plugin": {
      "version": "1.4.3",
      "resolved": "https://registry.npmjs.org/tim-upload-plugin/-/tim-upload-plugin-1.4.3.tgz",
      "integrity": "sha512-3ZmbA36dr3eG9YGDon9MLBUtbNawYWkL+TBa+VS0Uviguc7PlVSOIVRG2C4irXX16slDT2Kj+HAZapp+Xqp2xg==",
      "license": "ISC"
    }
  }
}
